
Microsoft Visual Studio Solution File, Format Version 12.00
# Visual Studio Version 17
VisualStudioVersion = 17.3.32819.101
MinimumVisualStudioVersion = 10.0.40219.1
Project("{FAE04EC0-301F-11D3-BF4B-00C04F79EFBC}") = "Microsoft Defender for Identity Log Analyzer", "Microsoft Defender for Identity Log Analyzer\Microsoft Defender for Identity Log Analyzer.csproj", "{6DDF83E9-3B5B-4FCE-BDD7-51FB86D28991}"
EndProject
Global
	GlobalSection(SolutionConfigurationPlatforms) = preSolution
		Debug|Any CPU = Debug|Any CPU
		Release|Any CPU = Release|Any CPU
	EndGlobalSection
	GlobalSection(ProjectConfigurationPlatforms) = postSolution
		{6DDF83E9-3B5B-4FCE-BDD7-51FB86D28991}.Debug|Any CPU.ActiveCfg = Debug|Any CPU
		{6DDF83E9-3B5B-4FCE-BDD7-51FB86D28991}.Debug|Any CPU.Build.0 = Debug|Any CPU
		{6DDF83E9-3B5B-4FCE-BDD7-51FB86D28991}.Release|Any CPU.ActiveCfg = Release|Any CPU
		{6DDF83E9-3B5B-4FCE-BDD7-51FB86D28991}.Release|Any CPU.Build.0 = Release|Any CPU
	EndGlobalSection
	GlobalSection(SolutionProperties) = preSolution
		HideSolutionNode = FALSE
	EndGlobalSection
	GlobalSection(ExtensibilityGlobals) = postSolution
		SolutionGuid = {19834043-5414-4E4A-8FAE-18BB0E7C04B3}
	EndGlobalSection
EndGlobal
